
Microsoft Visual Studio Solution File, Format Version 12.00
# Visual Studio Version 16
VisualStudioVersion = 16.0.29411.108
MinimumVisualStudioVersion = 10.0.40219.1
Project("{FAE04EC0-301F-11D3-BF4B-00C04F79EFBC}") = "TipCalc.Core", "TipCalc\TipCalc.Core\TipCalc.Core.csproj", "{9C71F8BF-5E2C-44DA-96E6-D227E97C8DF7}"
EndProject
Project("{FAE04EC0-301F-11D3-BF4B-00C04F79EFBC}") = "TipCalc.Forms.UI.iOS", "TipCalc.Forms.UI.iOS\TipCalc.Forms.UI.iOS.csproj", "{CF32E654-CDB4-439A-A6DD-767A03FC6062}"
EndProject
Project("{FAE04EC0-301F-11D3-BF4B-00C04F79EFBC}") = "TipCalc.Forms.UI", "TipCalc.Forms.UI\TipCalc.Forms.UI.csproj", "{AFB22044-6F93-44BF-9C8B-AE5FAF0C0889}"
EndProject
Global
	GlobalSection(SolutionConfigurationPlatforms) = preSolution
		Debug|Any CPU = Debug|Any CPU
		Debug|iPhone = Debug|iPhone
		Debug|iPhoneSimulator = Debug|iPhoneSimulator
		Release|Any CPU = Release|Any CPU
		Release|iPhone = Release|iPhone
		Release|iPhoneSimulator = Release|iPhoneSimulator
	EndGlobalSection
	GlobalSection(ProjectConfigurationPlatforms) = postSolution
		{9C71F8BF-5E2C-44DA-96E6-D227E97C8DF7}.Debug|Any CPU.ActiveCfg = Debug|Any CPU
		{9C71F8BF-5E2C-44DA-96E6-D227E97C8DF7}.Debug|Any CPU.Build.0 = Debug|Any CPU
		{9C71F8BF-5E2C-44DA-96E6-D227E97C8DF7}.Debug|Any CPU.Deploy.0 = Debug|Any CPU
		{9C71F8BF-5E2C-44DA-96E6-D227E97C8DF7}.Debug|iPhone.ActiveCfg = Debug|Any CPU
		{9C71F8BF-5E2C-44DA-96E6-D227E97C8DF7}.Debug|iPhone.Build.0 = Debug|Any CPU
		{9C71F8BF-5E2C-44DA-96E6-D227E97C8DF7}.Debug|iPhone.Deploy.0 = Debug|Any CPU
		{9C71F8BF-5E2C-44DA-96E6-D227E97C8DF7}.Debug|iPhoneSimulator.ActiveCfg = Debug|Any CPU
		{9C71F8BF-5E2C-44DA-96E6-D227E97C8DF7}.Debug|iPhoneSimulator.Build.0 = Debug|Any CPU
		{9C71F8BF-5E2C-44DA-96E6-D227E97C8DF7}.Debug|iPhoneSimulator.Deploy.0 = Debug|Any CPU
		{9C71F8BF-5E2C-44DA-96E6-D227E97C8DF7}.Release|Any CPU.ActiveCfg = Release|Any CPU
		{9C71F8BF-5E2C-44DA-96E6-D227E97C8DF7}.Release|Any CPU.Build.0 = Release|Any CPU
		{9C71F8BF-5E2C-44DA-96E6-D227E97C8DF7}.Release|Any CPU.Deploy.0 = Release|Any CPU
		{9C71F8BF-5E2C-44DA-96E6-D227E97C8DF7}.Release|iPhone.ActiveCfg = Release|Any CPU
		{9C71F8BF-5E2C-44DA-96E6-D227E97C8DF7}.Release|iPhone.Build.0 = Release|Any CPU
		{9C71F8BF-5E2C-44DA-96E6-D227E97C8DF7}.Release|iPhone.Deploy.0 = Release|Any CPU
		{9C71F8BF-5E2C-44DA-96E6-D227E97C8DF7}.Release|iPhoneSimulator.ActiveCfg = Release|Any CPU
		{9C71F8BF-5E2C-44DA-96E6-D227E97C8DF7}.Release|iPhoneSimulator.Build.0 = Release|Any CPU
		{9C71F8BF-5E2C-44DA-96E6-D227E97C8DF7}.Release|iPhoneSimulator.Deploy.0 = Release|Any CPU
		{CF32E654-CDB4-439A-A6DD-767A03FC6062}.Debug|Any CPU.ActiveCfg = Debug|iPhoneSimulator
		{CF32E654-CDB4-439A-A6DD-767A03FC6062}.Debug|Any CPU.Build.0 = Debug|iPhoneSimulator
		{CF32E654-CDB4-439A-A6DD-767A03FC6062}.Debug|iPhone.ActiveCfg = Debug|iPhone
		{CF32E654-CDB4-439A-A6DD-767A03FC6062}.Debug|iPhone.Build.0 = Debug|iPhone
		{CF32E654-CDB4-439A-A6DD-767A03FC6062}.Debug|iPhoneSimulator.ActiveCfg = Debug|iPhoneSimulator
		{CF32E654-CDB4-439A-A6DD-767A03FC6062}.Debug|iPhoneSimulator.Build.0 = Debug|iPhoneSimulator
		{CF32E654-CDB4-439A-A6DD-767A03FC6062}.Release|Any CPU.ActiveCfg = Release|iPhoneSimulator
		{CF32E654-CDB4-439A-A6DD-767A03FC6062}.Release|Any CPU.Build.0 = Release|iPhoneSimulator
		{CF32E654-CDB4-439A-A6DD-767A03FC6062}.Release|iPhone.ActiveCfg = Release|iPhone
		{CF32E654-CDB4-439A-A6DD-767A03FC6062}.Release|iPhone.Build.0 = Release|iPhone
		{CF32E654-CDB4-439A-A6DD-767A03FC6062}.Release|iPhoneSimulator.ActiveCfg = Release|iPhoneSimulator
		{CF32E654-CDB4-439A-A6DD-767A03FC6062}.Release|iPhoneSimulator.Build.0 = Release|iPhoneSimulator
		{AFB22044-6F93-44BF-9C8B-AE5FAF0C0889}.Debug|Any CPU.ActiveCfg = Debug|Any CPU
		{AFB22044-6F93-44BF-9C8B-AE5FAF0C0889}.Debug|Any CPU.Build.0 = Debug|Any CPU
		{AFB22044-6F93-44BF-9C8B-AE5FAF0C0889}.Debug|iPhone.ActiveCfg = Debug|Any CPU
		{AFB22044-6F93-44BF-9C8B-AE5FAF0C0889}.Debug|iPhone.Build.0 = Debug|Any CPU
		{AFB22044-6F93-44BF-9C8B-AE5FAF0C0889}.Debug|iPhoneSimulator.ActiveCfg = Debug|Any CPU
		{AFB22044-6F93-44BF-9C8B-AE5FAF0C0889}.Debug|iPhoneSimulator.Build.0 = Debug|Any CPU
		{AFB22044-6F93-44BF-9C8B-AE5FAF0C0889}.Release|Any CPU.ActiveCfg = Release|Any CPU
		{AFB22044-6F93-44BF-9C8B-AE5FAF0C0889}.Release|Any CPU.Build.0 = Release|Any CPU
		{AFB22044-6F93-44BF-9C8B-AE5FAF0C0889}.Release|iPhone.ActiveCfg = Release|Any CPU
		{AFB22044-6F93-44BF-9C8B-AE5FAF0C0889}.Release|iPhone.Build.0 = Release|Any CPU
		{AFB22044-6F93-44BF-9C8B-AE5FAF0C0889}.Release|iPhoneSimulator.ActiveCfg = Release|Any CPU
		{AFB22044-6F93-44BF-9C8B-AE5FAF0C0889}.Release|iPhoneSimulator.Build.0 = Release|Any CPU
	EndGlobalSection
	GlobalSection(SolutionProperties) = preSolution
		HideSolutionNode = FALSE
	EndGlobalSection
	GlobalSection(ExtensibilityGlobals) = postSolution
		SolutionGuid = {6686E1DD-0BAF-4B3F-8B8E-D8AF769E9195}
	EndGlobalSection
EndGlobal
